// !$*UTF8*$!
{
	archiveVersion = 1;
	classes = {
	};
	objectVersion = 56;
	objects = {

/* Begin PBXBuildFile section */
		08AFA0A12A0705AD00658F43 /* CustomTabViewApp.swift in Sources */ = {isa = PBXBuildFile; fileRef = 08AFA0A02A0705AD00658F43 /* CustomTabViewApp.swift */; };
		08AFA0A32A0705AD00658F43 /* ContentView.swift in Sources */ = {isa = PBXBuildFile; fileRef = 08AFA0A22A0705AD00658F43 /* ContentView.swift */; };
		08AFA0A52A0705AE00658F43 /* Assets.xcassets in Resources */ = {isa = PBXBuildFile; fileRef = 08AFA0A42A0705AE00658F43 /* Assets.xcassets */; };
		08AFA0A82A0705AE00658F43 /* Preview Assets.xcassets in Resources */ = {isa = PBXBuildFile; fileRef = 08AFA0A72A0705AE00658F43 /* Preview Assets.xcassets */; };
		08AFA0AF2A0707C500658F43 /* CustomTabView.swift in Sources */ = {isa = PBXBuildFile; fileRef = 08AFA0AE2A0707C500658F43 /* CustomTabView.swift */; };
		08AFA0B12A070AD900658F43 /* OneView.swift in Sources */ = {isa = PBXBuildFile; fileRef = 08AFA0B02A070AD900658F43 /* OneView.swift */; };
		08AFA0B32A070B2400658F43 /* TwoView.swift in Sources */ = {isa = PBXBuildFile; fileRef = 08AFA0B22A070B2400658F43 /* TwoView.swift */; };
		08AFA0B52A070B3500658F43 /* ThreeView.swift in Sources */ = {isa = PBXBuildFile; fileRef = 08AFA0B42A070B3500658F43 /* ThreeView.swift */; };
		08AFA0B72A070B5400658F43 /* FourView.swift in Sources */ = {isa = PBXBuildFile; fileRef = 08AFA0B62A070B5400658F43 /* FourView.swift */; };
/* End PBXBuildFile section */

/* Begin PBXFileReference section */
		08AFA09D2A0705AD00658F43 /* CustomTabView.app */ = {isa = PBXFileReference; explicitFileType = wrapper.application; includeInIndex = 0; path = CustomTabView.app; sourceTree = BUILT_PRODUCTS_DIR; };
		08AFA0A02A0705AD00658F43 /* CustomTabViewApp.swift */ = {isa = PBXFileReference; lastKnownFileType = sourcecode.swift; path = CustomTabViewApp.swift; sourceTree = "<group>"; };
		08AFA0A22A0705AD00658F43 /* ContentView.swift */ = {isa = PBXFileReference; lastKnownFileType = sourcecode.swift; path = ContentView.swift; sourceTree = "<group>"; };
		08AFA0A42A0705AE00658F43 /* Assets.xcassets */ = {isa = PBXFileReference; lastKnownFileType = folder.assetcatalog; path = Assets.xcassets; sourceTree = "<group>"; };
		08AFA0A72A0705AE00658F43 /* Preview Assets.xcassets */ = {isa = PBXFileReference; lastKnownFileType = folder.assetcatalog; path = "Preview Assets.xcassets"; sourceTree = "<group>"; };
		08AFA0AE2A0707C500658F43 /* CustomTabView.swift */ = {isa = PBXFileReference; lastKnownFileType = sourcecode.swift; path = CustomTabView.swift; sourceTree = "<group>"; };
		08AFA0B02A070AD900658F43 /* OneView.swift */ = {isa = PBXFileReference; lastKnownFileType = sourcecode.swift; path = OneView.swift; sourceTree = "<group>"; };
		08AFA0B22A070B2400658F43 /* TwoView.swift */ = {isa = PBXFileReference; lastKnownFileType = sourcecode.swift; path = TwoView.swift; sourceTree = "<group>"; };
		08AFA0B42A070B3500658F43 /* ThreeView.swift */ = {isa = PBXFileReference; lastKnownFileType = sourcecode.swift; path = ThreeView.swift; sourceTree = "<group>"; };
		08AFA0B62A070B5400658F43 /* FourView.swift */ = {isa = PBXFileReference; lastKnownFileType = sourcecode.swift; path = FourView.swift; sourceTree = "<group>"; };
/* End PBXFileReference section */

/* Begin PBXFrameworksBuildPhase section */
		08AFA09A2A0705AD00658F43 /* Frameworks */ = {
			isa = PBXFrameworksBuildPhase;
			buildActionMask = 2147483647;
			files = (
			);
			runOnlyForDeploymentPostprocessing = 0;
		};
/* End PBXFrameworksBuildPhase section */

/* Begin PBXGroup section */
		08AFA0942A0705AD00658F43 = {
			isa = PBXGroup;
			children = (
				08AFA09F2A0705AD00658F43 /* CustomTabView */,
				08AFA09E2A0705AD00658F43 /* Products */,
			);
			sourceTree = "<group>";
		};
		08AFA09E2A0705AD00658F43 /* Products */ = {
			isa = PBXGroup;
			children = (
				08AFA09D2A0705AD00658F43 /* CustomTabView.app */,
			);
			name = Products;
			sourceTree = "<group>";
		};
		08AFA09F2A0705AD00658F43 /* CustomTabView */ = {
			isa = PBXGroup;
			children = (
				08AFA0A02A0705AD00658F43 /* CustomTabViewApp.swift */,
				08AFA0A22A0705AD00658F43 /* ContentView.swift */,
				08AFA0AE2A0707C500658F43 /* CustomTabView.swift */,
				08AFA0B02A070AD900658F43 /* OneView.swift */,
				08AFA0B22A070B2400658F43 /* TwoView.swift */,
				08AFA0B62A070B5400658F43 /* FourView.swift */,
				08AFA0B42A070B3500658F43 /* ThreeView.swift */,
				08AFA0A42A0705AE00658F43 /* Assets.xcassets */,
				08AFA0A62A0705AE00658F43 /* Preview Content */,
			);
			path = CustomTabView;
			sourceTree = "<group>";
		};
		08AFA0A62A0705AE00658F43 /* Preview Content */ = {
			isa = PBXGroup;
			children = (
				08AFA0A72A0705AE00658F43 /* Preview Assets.xcassets */,
			);
			path = "Preview Content";
			sourceTree = "<group>";
		};
/* End PBXGroup section */

/* Begin PBXNativeTarget section */
		08AFA09C2A0705AD00658F43 /* CustomTabView */ = {
			isa = PBXNativeTarget;
			buildConfigurationList = 08AFA0AB2A0705AE00658F43 /* Build configuration list for PBXNativeTarget "CustomTabView" */;
			buildPhases = (
				08AFA0992A0705AD00658F43 /* Sources */,
				08AFA09A2A0705AD00658F43 /* Frameworks */,
				08AFA09B2A0705AD00658F43 /* Resources */,
			);
			buildRules = (
			);
			dependencies = (
			);
			name = CustomTabView;
			productName = CustomTabView;
			productReference = 08AFA09D2A0705AD00658F43 /* CustomTabView.app */;
			productType = "com.apple.product-type.application";
		};
/* End PBXNativeTarget section */

/* Begin PBXProject section */
		08AFA0952A0705AD00658F43 /* Project object */ = {
			isa = PBXProject;
			attributes = {
				BuildIndependentTargetsInParallel = 1;
				LastSwiftUpdateCheck = 1430;
				LastUpgradeCheck = 1430;
				TargetAttributes = {
					08AFA09C2A0705AD00658F43 = {
						CreatedOnToolsVersion = 14.3;
					};
				};
			};
			buildConfigurationList = 08AFA0982A0705AD00658F43 /* Build configuration list for PBXProject "CustomTabView" */;
			compatibilityVersion = "Xcode 14.0";
			developmentRegion = en;
			hasScannedForEncodings = 0;
			knownRegions = (
				en,
				Base,
			);
			mainGroup = 08AFA0942A0705AD00658F43;
			productRefGroup = 08AFA09E2A0705AD00658F43 /* Products */;
			projectDirPath = "";
			projectRoot = "";
			targets = (
				08AFA09C2A0705AD00658F43 /* CustomTabView */,
			);
		};
/* End PBXProject section */

/* Begin PBXResourcesBuildPhase section */
		08AFA09B2A0705AD00658F43 /* Resources */ = {
			isa = PBXResourcesBuildPhase;
			buildActionMask = 2147483647;
			files = (
				08AFA0A82A0705AE00658F43 /* Preview Assets.xcassets in Resources */,
				08AFA0A52A0705AE00658F43 /* Assets.xcassets in Resources */,
			);
			runOnlyForDeploymentPostprocessing = 0;
		};
/* End PBXResourcesBuildPhase section */

/* Begin PBXSourcesBuildPhase section */
		08AFA0992A0705AD00658F43 /* Sources */ = {
			isa = PBXSourcesBuildPhase;
			buildActionMask = 2147483647;
			files = (
				08AFA0AF2A0707C500658F43 /* CustomTabView.swift in Sources */,
				08AFA0B12A070AD900658F43 /* OneView.swift in Sources */,
				08AFA0A32A0705AD00658F43 /* ContentView.swift in Sources */,
				08AFA0B72A070B5400658F43 /* FourView.swift in Sources */,
				08AFA0B52A070B3500658F43 /* ThreeView.swift in Sources */,
				08AFA0A12A0705AD00658F43 /* CustomTabViewApp.swift in Sources */,
				08AFA0B32A070B2400658F43 /* TwoView.swift in Sources */,
			);
			runOnlyForDeploymentPostprocessing = 0;
		};
/* End PBXSourcesBuildPhase section */

/* Begin XCBuildConfiguration section */
		08AFA0A92A0705AE00658F43 /* Debug */ = {
			isa = XCBuildConfiguration;
			buildSettings = {
				ALWAYS_SEARCH_USER_PATHS = NO;
				CLANG_ANALYZER_NONNULL = YES;
				CLANG_ANALYZER_NUMBER_OBJECT_CONVERSION = YES_AGGRESSIVE;
				CLANG_CXX_LANGUAGE_STANDARD = "gnu++20";
				CLANG_ENABLE_MODULES = YES;
				CLANG_ENABLE_OBJC_ARC = YES;
				CLANG_ENABLE_OBJC_WEAK = YES;
				CLANG_WARN_BLOCK_CAPTURE_AUTORELEASING = YES;
				CLANG_WARN_BOOL_CONVERSION = YES;
				CLANG_WARN_COMMA = YES;
				CLANG_WARN_CONSTANT_CONVERSION = YES;
				CLANG_WARN_DEPRECATED_OBJC_IMPLEMENTATIONS = YES;
				CLANG_WARN_DIRECT_OBJC_ISA_USAGE = YES_ERROR;
				CLANG_WARN_DOCUMENTATION_COMMENTS = YES;
				CLANG_WARN_EMPTY_BODY = YES;
				CLANG_WARN_ENUM_CONVERSION = YES;
				CLANG_WARN_INFINITE_RECURSION = YES;
				CLANG_WARN_INT_CONVERSION = YES;
				CLANG_WARN_NON_LITERAL_NULL_CONVERSION = YES;
				CLANG_WARN_OBJC_IMPLICIT_RETAIN_SELF = YES;
				CLANG_WARN_OBJC_LITERAL_CONVERSION = YES;
				CLANG_WARN_OBJC_ROOT_CLASS = YES_ERROR;
				CLANG_WARN_QUOTED_INCLUDE_IN_FRAMEWORK_HEADER = YES;
				CLANG_WARN_RANGE_LOOP_ANALYSIS = YES;
				CLANG_WARN_STRICT_PROTOTYPES = YES;
				CLANG_WARN_SUSPICIOUS_MOVE = YES;
				CLANG_WARN_UNGUARDED_AVAILABILITY = YES_AGGRESSIVE;
				CLANG_WARN_UNREACHABLE_CODE = YES;
				CLANG_WARN__DUPLICATE_METHOD_MATCH = YES;
				COPY_PHASE_STRIP = NO;
				DEBUG_INFORMATION_FORMAT = dwarf;
				ENABLE_STRICT_OBJC_MSGSEND = YES;
				ENABLE_TESTABILITY = YES;
				GCC_C_LANGUAGE_STANDARD = gnu11;
				GCC_DYNAMIC_NO_PIC = NO;
				GCC_NO_COMMON_BLOCKS = YES;
				GCC_OPTIMIZATION_LEVEL = 0;
				GCC_PREPROCESSOR_DEFINITIONS = (
					"DEBUG=1",
					"$(inherited)",
				);
				GCC_WARN_64_TO_32_BIT_CONVERSION = YES;
				GCC_WARN_ABOUT_RETURN_TYPE = YES_ERROR;
				GCC_WARN_UNDECLARED_SELECTOR = YES;
				GCC_WARN_UNINITIALIZED_AUTOS = YES_AGGRESSIVE;
				GCC_WARN_UNUSED_FUNCTION = YES;
				GCC_WARN_UNUSED_VARIABLE = YES;
				IPHONEOS_DEPLOYMENT_TARGET = 16.4;
				MTL_ENABLE_DEBUG_INFO = INCLUDE_SOURCE;
				MTL_FAST_MATH = YES;
				ONLY_ACTIVE_ARCH = YES;
				SDKROOT = iphoneos;
				SWIFT_ACTIVE_COMPILATION_CONDITIONS = DEBUG;
				SWIFT_OPTIMIZATION_LEVEL = "-Onone";
			};
			name = Debug;
		};
		08AFA0AA2A0705AE00658F43 /* Release */ = {
			isa = XCBuildConfiguration;
			buildSettings = {
				ALWAYS_SEARCH_USER_PATHS = NO;
				CLANG_ANALYZER_NONNULL = YES;
				CLANG_ANALYZER_NUMBER_OBJECT_CONVERSION = YES_AGGRESSIVE;
				CLANG_CXX_LANGUAGE_STANDARD = "gnu++20";
				CLANG_ENABLE_MODULES = YES;
				CLANG_ENABLE_OBJC_ARC = YES;
				CLANG_ENABLE_OBJC_WEAK = YES;
				CLANG_WARN_BLOCK_CAPTURE_AUTORELEASING = YES;
				CLANG_WARN_BOOL_CONVERSION = YES;
				CLANG_WARN_COMMA = YES;
				CLANG_WARN_CONSTANT_CONVERSION = YES;
				CLANG_WARN_DEPRECATED_OBJC_IMPLEMENTATIONS = YES;
				CLANG_WARN_DIRECT_OBJC_ISA_USAGE = YES_ERROR;
				CLANG_WARN_DOCUMENTATION_COMMENTS = YES;
				CLANG_WARN_EMPTY_BODY = YES;
				CLANG_WARN_ENUM_CONVERSION = YES;
				CLANG_WARN_INFINITE_RECURSION = YES;
				CLANG_WARN_INT_CONVERSION = YES;
				CLANG_WARN_NON_LITERAL_NULL_CONVERSION = YES;
				CLANG_WARN_OBJC_IMPLICIT_RETAIN_SELF = YES;
				CLANG_WARN_OBJC_LITERAL_CONVERSION = YES;
				CLANG_WARN_OBJC_ROOT_CLASS = YES_ERROR;
				CLANG_WARN_QUOTED_INCLUDE_IN_FRAMEWORK_HEADER = YES;
				CLANG_WARN_RANGE_LOOP_ANALYSIS = YES;
				CLANG_WARN_STRICT_PROTOTYPES = YES;
				CLANG_WARN_SUSPICIOUS_MOVE = YES;
				CLANG_WARN_UNGUARDED_AVAILABILITY = YES_AGGRESSIVE;
				CLANG_WARN_UNREACHABLE_CODE = YES;
				CLANG_WARN__DUPLICATE_METHOD_MATCH = YES;
				COPY_PHASE_STRIP = NO;
				DEBUG_INFORMATION_FORMAT = "dwarf-with-dsym";
				ENABLE_NS_ASSERTIONS = NO;
				ENABLE_STRICT_OBJC_MSGSEND = YES;
				GCC_C_LANGUAGE_STANDARD = gnu11;
				GCC_NO_COMMON_BLOCKS = YES;
				GCC_WARN_64_TO_32_BIT_CONVERSION = YES;
				GCC_WARN_ABOUT_RETURN_TYPE = YES_ERROR;
				GCC_WARN_UNDECLARED_SELECTOR = YES;
				GCC_WARN_UNINITIALIZED_AUTOS = YES_AGGRESSIVE;
				GCC_WARN_UNUSED_FUNCTION = YES;
				GCC_WARN_UNUSED_VARIABLE = YES;
				IPHONEOS_DEPLOYMENT_TARGET = 16.4;
				MTL_ENABLE_DEBUG_INFO = NO;
				MTL_FAST_MATH = YES;
				SDKROOT = iphoneos;
				SWIFT_COMPILATION_MODE = wholemodule;
				SWIFT_OPTIMIZATION_LEVEL = "-O";
				VALIDATE_PRODUCT = YES;
			};
			name = Release;
		};
		08AFA0AC2A0705AE00658F43 /* Debug */ = {
			isa = XCBuildConfiguration;
			buildSettings = {
				ASSETCATALOG_COMPILER_APPICON_NAME = AppIcon;
				ASSETCATALOG_COMPILER_GLOBAL_ACCENT_COLOR_NAME = AccentColor;
				CODE_SIGN_STYLE = Automatic;
				CURRENT_PROJECT_VERSION = 1;
				DEVELOPMENT_ASSET_PATHS = "\"CustomTabView/Preview Content\"";
				DEVELOPMENT_TEAM = 4243BL8MP3;
				ENABLE_PREVIEWS = YES;
				GENERATE_INFOPLIST_FILE = YES;
				INFOPLIST_KEY_UIApplicationSceneManifest_Generation = YES;
				INFOPLIST_KEY_UIApplicationSupportsIndirectInputEvents = YES;
				INFOPLIST_KEY_UILaunchScreen_Generation = YES;
				INFOPLIST_KEY_UISupportedInterfaceOrientations_iPad = "UIInterfaceOrientationPortrait UIInterfaceOrientationPortraitUpsideDown UIInterfaceOrientationLandscapeLeft UIInterfaceOrientationLandscapeRight";
				INFOPLIST_KEY_UISupportedInterfaceOrientations_iPhone = "UIInterfaceOrientationPortrait UIInterfaceOrientationLandscapeLeft UIInterfaceOrientationLandscapeRight";
				LD_RUNPATH_SEARCH_PATHS = (
					"$(inherited)",
					"@executable_path/Frameworks",
				);
				MARKETING_VERSION = 1.0;
				PRODUCT_BUNDLE_IDENTIFIER = idevnva.CustomTabView;
				PRODUCT_NAME = "$(TARGET_NAME)";
				SWIFT_EMIT_LOC_STRINGS = YES;
				SWIFT_VERSION = 5.0;
				TARGETED_DEVICE_FAMILY = "1,2";
			};
			name = Debug;
		};
		08AFA0AD2A0705AE00658F43 /* Release */ = {
			isa = XCBuildConfiguration;
			buildSettings = {
				ASSETCATALOG_COMPILER_APPICON_NAME = AppIcon;
				ASSETCATALOG_COMPILER_GLOBAL_ACCENT_COLOR_NAME = AccentColor;
				CODE_SIGN_STYLE = Automatic;
				CURRENT_PROJECT_VERSION = 1;
				DEVELOPMENT_ASSET_PATHS = "\"CustomTabView/Preview Content\"";
				DEVELOPMENT_TEAM = 4243BL8MP3;
				ENABLE_PREVIEWS = YES;
				GENERATE_INFOPLIST_FILE = YES;
				INFOPLIST_KEY_UIApplicationSceneManifest_Generation = YES;
				INFOPLIST_KEY_UIApplicationSupportsIndirectInputEvents = YES;
				INFOPLIST_KEY_UILaunchScreen_Generation = YES;
				INFOPLIST_KEY_UISupportedInterfaceOrientations_iPad = "UIInterfaceOrientationPortrait UIInterfaceOrientationPortraitUpsideDown UIInterfaceOrientationLandscapeLeft UIInterfaceOrientationLandscapeRight";
				INFOPLIST_KEY_UISupportedInterfaceOrientations_iPhone = "UIInterfaceOrientationPortrait UIInterfaceOrientationLandscapeLeft UIInterfaceOrientationLandscapeRight";
				LD_RUNPATH_SEARCH_PATHS = (
					"$(inherited)",
					"@executable_path/Frameworks",
				);
				MARKETING_VERSION = 1.0;
				PRODUCT_BUNDLE_IDENTIFIER = idevnva.CustomTabView;
				PRODUCT_NAME = "$(TARGET_NAME)";
				SWIFT_EMIT_LOC_STRINGS = YES;
				SWIFT_VERSION = 5.0;
				TARGETED_DEVICE_FAMILY = "1,2";
			};
			name = Release;
		};
/* End XCBuildConfiguration section */

/* Begin XCConfigurationList section */
		08AFA0982A0705AD00658F43 /* Build configuration list for PBXProject "CustomTabView" */ = {
			isa = XCConfigurationList;
			buildConfigurations = (
				08AFA0A92A0705AE00658F43 /* Debug */,
				08AFA0AA2A0705AE00658F43 /* Release */,
			);
			defaultConfigurationIsVisible = 0;
			defaultConfigurationName = Release;
		};
		08AFA0AB2A0705AE00658F43 /* Build configuration list for PBXNativeTarget "CustomTabView" */ = {
			isa = XCConfigurationList;
			buildConfigurations = (
				08AFA0AC2A0705AE00658F43 /* Debug */,
				08AFA0AD2A0705AE00658F43 /* Release */,
			);
			defaultConfigurationIsVisible = 0;
			defaultConfigurationName = Release;
		};
/* End XCConfigurationList section */
	};
	rootObject = 08AFA0952A0705AD00658F43 /* Project object */;
}
